
Microsoft Visual Studio Solution File, Format Version 12.00
# Visual Studio Version 17
VisualStudioVersion = 17.1.32319.34
MinimumVisualStudioVersion = 10.0.40219.1
Project("{FAE04EC0-301F-11D3-BF4B-00C04F79EFBC}") = "DataAccess", "DataAccess\DataAccess.csproj", "{31A18E19-70A8-4313-91EC-8D52A6D3C73C}"
EndProject
Project("{FAE04EC0-301F-11D3-BF4B-00C04F79EFBC}") = "Business", "Business\Business.csproj", "{CB392ABB-488E-4CBE-9D11-3CBE8C52D63E}"
EndProject
Project("{FAE04EC0-301F-11D3-BF4B-00C04F79EFBC}") = "Api", "Api\Api.csproj", "{BB5817A5-2899-44A4-99C3-0B744E4CCA67}"
EndProject
Global
	GlobalSection(SolutionConfigurationPlatforms) = preSolution
		Debug|Any CPU = Debug|Any CPU
		Release|Any CPU = Release|Any CPU
	EndGlobalSection
	GlobalSection(ProjectConfigurationPlatforms) = postSolution
		{31A18E19-70A8-4313-91EC-8D52A6D3C73C}.Debug|Any CPU.ActiveCfg = Debug|Any CPU
		{31A18E19-70A8-4313-91EC-8D52A6D3C73C}.Debug|Any CPU.Build.0 = Debug|Any CPU
		{31A18E19-70A8-4313-91EC-8D52A6D3C73C}.Release|Any CPU.ActiveCfg = Release|Any CPU
		{31A18E19-70A8-4313-91EC-8D52A6D3C73C}.Release|Any CPU.Build.0 = Release|Any CPU
		{CB392ABB-488E-4CBE-9D11-3CBE8C52D63E}.Debug|Any CPU.ActiveCfg = Debug|Any CPU
		{CB392ABB-488E-4CBE-9D11-3CBE8C52D63E}.Debug|Any CPU.Build.0 = Debug|Any CPU
		{CB392ABB-488E-4CBE-9D11-3CBE8C52D63E}.Release|Any CPU.ActiveCfg = Release|Any CPU
		{CB392ABB-488E-4CBE-9D11-3CBE8C52D63E}.Release|Any CPU.Build.0 = Release|Any CPU
		{BB5817A5-2899-44A4-99C3-0B744E4CCA67}.Debug|Any CPU.ActiveCfg = Debug|Any CPU
		{BB5817A5-2899-44A4-99C3-0B744E4CCA67}.Debug|Any CPU.Build.0 = Debug|Any CPU
		{BB5817A5-2899-44A4-99C3-0B744E4CCA67}.Release|Any CPU.ActiveCfg = Release|Any CPU
		{BB5817A5-2899-44A4-99C3-0B744E4CCA67}.Release|Any CPU.Build.0 = Release|Any CPU
	EndGlobalSection
	GlobalSection(SolutionProperties) = preSolution
		HideSolutionNode = FALSE
	EndGlobalSection
	GlobalSection(ExtensibilityGlobals) = postSolution
		SolutionGuid = {B856B51B-D44B-4B96-9699-C101EE03502E}
	EndGlobalSection
EndGlobal
